# THIS IS AN AUTOGENERATED FILE. DO NOT EDIT THIS FILE DIRECTLY.
# yarn lockfile v1


"@hotwired/stimulus-webpack-helpers@^1.0.0", "@hotwired/stimulus-webpack-helpers@^1.0.1":
  "integrity" "sha512-wa/zupVG0eWxRYJjC1IiPBdt3Lruv0RqGN+/DTMmUWUyMAEB27KXmVY6a8YpUVTM7QwVuaLNGW4EqDgrS2upXQ=="
  "resolved" "https://registry.npmjs.org/@hotwired/stimulus-webpack-helpers/-/stimulus-webpack-helpers-1.0.1.tgz"
  "version" "1.0.1"

"@hotwired/stimulus@^3.0.0", "@hotwired/stimulus@^3.2.1", "@hotwired/stimulus@>= 3.0":
  "integrity" "sha512-HGlzDcf9vv/EQrMJ5ZG6VWNs8Z/xMN+1o2OhV1gKiSG6CqZt5MCBB1gRg5ILiN3U0jEAxuDTNPRfBcnZBDmupQ=="
  "resolved" "https://registry.npmjs.org/@hotwired/stimulus/-/stimulus-3.2.1.tgz"
  "version" "3.2.1"

"@hotwired/turbo-rails@^7.3.0":
  "integrity" "sha512-fvhO64vp/a2UVQ3jue9WTc2JisMv9XilIC7ViZmXAREVwiQ2S4UC7Go8f9A1j4Xu7DBI6SbFdqILk5ImqVoqyA=="
  "resolved" "https://registry.npmjs.org/@hotwired/turbo-rails/-/turbo-rails-7.3.0.tgz"
  "version" "7.3.0"
  dependencies:
    "@hotwired/turbo" "^7.3.0"
    "@rails/actioncable" "^7.0"

"@hotwired/turbo@^7.3.0":
  "integrity" "sha512-Dcu+NaSvHLT7EjrDrkEmH4qET2ZJZ5IcCWmNXxNQTBwlnE5tBZfN6WxZ842n5cHV52DH/AKNirbPBtcEXDLW4g=="
  "resolved" "https://registry.npmjs.org/@hotwired/turbo/-/turbo-7.3.0.tgz"
  "version" "7.3.0"

"@rails/actioncable@^7.0":
  "integrity" "sha512-ybBsUrIsu5geM8BtqnpM7ZA9D8uzSz+e1B4JR57NaCmasHKWap6AX5DT7NHIbp21opVet1qqoVSdsoLDqXeB2A=="
  "resolved" "https://registry.npmjs.org/@rails/actioncable/-/actioncable-7.0.6.tgz"
  "version" "7.0.6"

"asynckit@^0.4.0":
  "integrity" "sha512-Oei9OH4tRh0YqU3GxhX79dM/mwVgvbZJaSNaRk+bshkj0S5cfHcgYakreBjrHwatXKbz+IoIdYLxrKim2MjW0Q=="
  "resolved" "https://registry.npmjs.org/asynckit/-/asynckit-0.4.0.tgz"
  "version" "0.4.0"

"awesomplete@^1.1.5":
  "integrity" "sha512-UFw1mPW8NaSECDSTC36HbAOTpF9JK2wBUJcNn4MSvlNtK7SZ9N72gB+ajHtA6D1abYXRcszZnBA4nHBwvFwzHw=="
  "resolved" "https://registry.npmjs.org/awesomplete/-/awesomplete-1.1.5.tgz"
  "version" "1.1.5"

"axios@^1.4.0":
  "integrity" "sha512-S4XCWMEmzvo64T9GfvQDOXgYRDJ/wsSZc7Jvdgx5u1sd0JwsuPLqb3SYmusag+edF6ziyMensPVqLTSc1PiSEA=="
  "resolved" "https://registry.npmjs.org/axios/-/axios-1.4.0.tgz"
  "version" "1.4.0"
  dependencies:
    "follow-redirects" "^1.15.0"
    "form-data" "^4.0.0"
    "proxy-from-env" "^1.1.0"

"combined-stream@^1.0.8":
  "integrity" "sha512-FQN4MRfuJeHf7cBbBMJFXhKSDq+2kAArBlmRBvcvFE5BB1HZKXtSFASDhdlz9zOYwxh8lDdnvmMOe/+5cdoEdg=="
  "resolved" "https://registry.npmjs.org/combined-stream/-/combined-stream-1.0.8.tgz"
  "version" "1.0.8"
  dependencies:
    "delayed-stream" "~1.0.0"

"delayed-stream@~1.0.0":
  "integrity" "sha512-ZySD7Nf91aLB0RxL4KGrKHBXl7Eds1DAmEdcoVawXnLD7SDhpNgtuII2aAkg7a7QS41jxPSZ17p4VdGnMHk3MQ=="
  "resolved" "https://registry.npmjs.org/delayed-stream/-/delayed-stream-1.0.0.tgz"
  "version" "1.0.0"

"follow-redirects@^1.15.0":
  "integrity" "sha512-VQLG33o04KaQ8uYi2tVNbdrWp1QWxNNea+nmIB4EVM28v0hmP17z7aG1+wAkNzVq4KeXTq3221ye5qTJP91JwA=="
  "resolved" "https://registry.npmjs.org/follow-redirects/-/follow-redirects-1.15.2.tgz"
  "version" "1.15.2"

"form-data@^4.0.0":
  "integrity" "sha512-ETEklSGi5t0QMZuiXoA/Q6vcnxcLQP5vdugSpuAyi6SVGi2clPPp+xgEhuMaHC+zGgn31Kd235W35f7Hykkaww=="
  "resolved" "https://registry.npmjs.org/form-data/-/form-data-4.0.0.tgz"
  "version" "4.0.0"
  dependencies:
    "asynckit" "^0.4.0"
    "combined-stream" "^1.0.8"
    "mime-types" "^2.1.12"

"mime-db@1.52.0":
  "integrity" "sha512-sPU4uV7dYlvtWJxwwxHD0PuihVNiE7TyAbQ5SWxDCB9mUYvOgroQOwYQQOKPJ8CIbE+1ETVlOoK1UC2nU3gYvg=="
  "resolved" "https://registry.npmjs.org/mime-db/-/mime-db-1.52.0.tgz"
  "version" "1.52.0"

"mime-types@^2.1.12":
  "integrity" "sha512-ZDY+bPm5zTTF+YpCrAU9nK0UgICYPT0QtT1NZWFv4s++TNkcgVaT0g6+4R2uI4MjQjzysHB1zxuWL50hzaeXiw=="
  "resolved" "https://registry.npmjs.org/mime-types/-/mime-types-2.1.35.tgz"
  "version" "2.1.35"
  dependencies:
    "mime-db" "1.52.0"

"proxy-from-env@^1.1.0":
  "integrity" "sha512-D+zkORCbA9f1tdWRK0RaCR3GPv50cMxcrz4X8k5LTSUD1Dkw47mKJEZQNunItRTkWwgtaUSo1RVFRIG9ZXiFYg=="
  "resolved" "https://registry.npmjs.org/proxy-from-env/-/proxy-from-env-1.1.0.tgz"
  "version" "1.1.0"

"stimulus-autocomplete@^3.1.0":
  "integrity" "sha512-SmVViCdA8yCl99oV2kzllNOqYjx7wruY+1OjAVsDTkZMNFZG5j+SqDKHMYbu+dRFy/SWq/PParzwZHvLAgH+YA=="
  "resolved" "https://registry.npmjs.org/stimulus-autocomplete/-/stimulus-autocomplete-3.1.0.tgz"
  "version" "3.1.0"

"stimulus@^3.2.1":
  "integrity" "sha512-EhpuHnTwtkWrE5m7tQxLBLsi1aE6xJ/9MbB88aKXZSquIC4pCueKJ2AGaF5gq+/BzP7+xvYaVYA0j1dIUuBsgA=="
  "resolved" "https://registry.npmjs.org/stimulus/-/stimulus-3.2.1.tgz"
  "version" "3.2.1"
  dependencies:
    "@hotwired/stimulus" "^3.2.1"
    "@hotwired/stimulus-webpack-helpers" "^1.0.0"
